
Microsoft Visual Studio Solution File, Format Version 12.00
# Visual Studio 15
VisualStudioVersion = 15.0.27703.2035
MinimumVisualStudioVersion = 10.0.40219.1
Project("{FAE04EC0-301F-11D3-BF4B-00C04F79EFBC}") = "NumberPicker", "NumberPicker\NumberPicker.csproj", "{D9361129-1DD5-4957-AEF0-6C8AAE5C3190}"
EndProject
Global
	GlobalSection(SolutionConfigurationPlatforms) = preSolution
		Debug|Any CPU = Debug|Any CPU
		Release|Any CPU = Release|Any CPU
	EndGlobalSection
	GlobalSection(ProjectConfigurationPlatforms) = postSolution
		{D9361129-1DD5-4957-AEF0-6C8AAE5C3190}.Debug|Any CPU.ActiveCfg = Debug|Any CPU
		{D9361129-1DD5-4957-AEF0-6C8AAE5C3190}.Debug|Any CPU.Build.0 = Debug|Any CPU
		{D9361129-1DD5-4957-AEF0-6C8AAE5C3190}.Release|Any CPU.ActiveCfg = Release|Any CPU
		{D9361129-1DD5-4957-AEF0-6C8AAE5C3190}.Release|Any CPU.Build.0 = Release|Any CPU
	EndGlobalSection
	GlobalSection(SolutionProperties) = preSolution
		HideSolutionNode = FALSE
	EndGlobalSection
	GlobalSection(ExtensibilityGlobals) = postSolution
		SolutionGuid = {25B37464-05F2-4551-9E1C-2818265E29FC}
	EndGlobalSection
EndGlobal
