
Microsoft Visual Studio Solution File, Format Version 12.00
# Visual Studio 15
VisualStudioVersion = 15.0.27703.2035
MinimumVisualStudioVersion = 10.0.40219.1
Project("{FAE04EC0-301F-11D3-BF4B-00C04F79EFBC}") = "FahrenheitToCelsius", "FahrenheitToCelsius\FahrenheitToCelsius.csproj", "{BF78D611-97F1-4CFF-97E6-56F69EAB23C3}"
EndProject
Global
	GlobalSection(SolutionConfigurationPlatforms) = preSolution
		Debug|Any CPU = Debug|Any CPU
		Release|Any CPU = Release|Any CPU
	EndGlobalSection
	GlobalSection(ProjectConfigurationPlatforms) = postSolution
		{BF78D611-97F1-4CFF-97E6-56F69EAB23C3}.Debug|Any CPU.ActiveCfg = Debug|Any CPU
		{BF78D611-97F1-4CFF-97E6-56F69EAB23C3}.Debug|Any CPU.Build.0 = Debug|Any CPU
		{BF78D611-97F1-4CFF-97E6-56F69EAB23C3}.Release|Any CPU.ActiveCfg = Release|Any CPU
		{BF78D611-97F1-4CFF-97E6-56F69EAB23C3}.Release|Any CPU.Build.0 = Release|Any CPU
	EndGlobalSection
	GlobalSection(SolutionProperties) = preSolution
		HideSolutionNode = FALSE
	EndGlobalSection
	GlobalSection(ExtensibilityGlobals) = postSolution
		SolutionGuid = {8561E8BD-89D9-4611-A0BA-C99E160B320F}
	EndGlobalSection
EndGlobal
